
Microsoft Visual Studio Solution File, Format Version 12.00
# Visual Studio Version 17
VisualStudioVersion = 17.14.36212.18 d17.14
MinimumVisualStudioVersion = 10.0.40219.1
Project("{FAE04EC0-301F-11D3-BF4B-00C04F79EFBC}") = "DPP_FactoryMethodPattern", "DPP_FactoryMethodPattern\DPP_FactoryMethodPattern.csproj", "{C8F8F772-0D93-4570-98FC-DF04EE8A6117}"
EndProject
Global
	GlobalSection(SolutionConfigurationPlatforms) = preSolution
		Debug|Any CPU = Debug|Any CPU
		Release|Any CPU = Release|Any CPU
	EndGlobalSection
	GlobalSection(ProjectConfigurationPlatforms) = postSolution
		{C8F8F772-0D93-4570-98FC-DF04EE8A6117}.Debug|Any CPU.ActiveCfg = Debug|Any CPU
		{C8F8F772-0D93-4570-98FC-DF04EE8A6117}.Debug|Any CPU.Build.0 = Debug|Any CPU
		{C8F8F772-0D93-4570-98FC-DF04EE8A6117}.Release|Any CPU.ActiveCfg = Release|Any CPU
		{C8F8F772-0D93-4570-98FC-DF04EE8A6117}.Release|Any CPU.Build.0 = Release|Any CPU
	EndGlobalSection
	GlobalSection(SolutionProperties) = preSolution
		HideSolutionNode = FALSE
	EndGlobalSection
	GlobalSection(ExtensibilityGlobals) = postSolution
		SolutionGuid = {E2E8DCB1-32F2-470F-95A4-E3382FC6CB19}
	EndGlobalSection
EndGlobal
