
Microsoft Visual Studio Solution File, Format Version 12.00
# Visual Studio Version 17
VisualStudioVersion = 17.14.36301.6 d17.14
MinimumVisualStudioVersion = 10.0.40219.1
Project("{FAE04EC0-301F-11D3-BF4B-00C04F79EFBC}") = "SimpleWebAPI", "SimpleWebAPI\SimpleWebAPI.csproj", "{71249196-DB1B-4BA1-AC27-9B366EDA15AA}"
EndProject
Global
	GlobalSection(SolutionConfigurationPlatforms) = preSolution
		Debug|Any CPU = Debug|Any CPU
		Release|Any CPU = Release|Any CPU
	EndGlobalSection
	GlobalSection(ProjectConfigurationPlatforms) = postSolution
		{71249196-DB1B-4BA1-AC27-9B366EDA15AA}.Debug|Any CPU.ActiveCfg = Debug|Any CPU
		{71249196-DB1B-4BA1-AC27-9B366EDA15AA}.Debug|Any CPU.Build.0 = Debug|Any CPU
		{71249196-DB1B-4BA1-AC27-9B366EDA15AA}.Release|Any CPU.ActiveCfg = Release|Any CPU
		{71249196-DB1B-4BA1-AC27-9B366EDA15AA}.Release|Any CPU.Build.0 = Release|Any CPU
	EndGlobalSection
	GlobalSection(SolutionProperties) = preSolution
		HideSolutionNode = FALSE
	EndGlobalSection
	GlobalSection(ExtensibilityGlobals) = postSolution
		SolutionGuid = {08C07756-C8BB-4E1C-A3C4-B3BAC5A24A0C}
	EndGlobalSection
EndGlobal
