
Microsoft Visual Studio Solution File, Format Version 12.00
# Visual Studio Version 17
VisualStudioVersion = 17.14.36212.18 d17.14
MinimumVisualStudioVersion = 10.0.40219.1
Project("{FAE04EC0-301F-11D3-BF4B-00C04F79EFBC}") = "CustomerCommLib", "CustomerCommLib\CustomerCommLib.csproj", "{D658F83D-7988-426D-82BB-EF3E66193FEF}"
EndProject
Global
	GlobalSection(SolutionConfigurationPlatforms) = preSolution
		Debug|Any CPU = Debug|Any CPU
		Release|Any CPU = Release|Any CPU
	EndGlobalSection
	GlobalSection(ProjectConfigurationPlatforms) = postSolution
		{D658F83D-7988-426D-82BB-EF3E66193FEF}.Debug|Any CPU.ActiveCfg = Debug|Any CPU
		{D658F83D-7988-426D-82BB-EF3E66193FEF}.Debug|Any CPU.Build.0 = Debug|Any CPU
		{D658F83D-7988-426D-82BB-EF3E66193FEF}.Release|Any CPU.ActiveCfg = Release|Any CPU
		{D658F83D-7988-426D-82BB-EF3E66193FEF}.Release|Any CPU.Build.0 = Release|Any CPU
	EndGlobalSection
	GlobalSection(SolutionProperties) = preSolution
		HideSolutionNode = FALSE
	EndGlobalSection
	GlobalSection(ExtensibilityGlobals) = postSolution
		SolutionGuid = {D080DEB9-08F0-448E-A353-534B2E027825}
	EndGlobalSection
EndGlobal
